// !$*UTF8*$!
{
	archiveVersion = 1;
	classes = {
	};
	objectVersion = 50;
	objects = {

/* Begin PBXBuildFile section */
		68AE6613260668AC00276DC8 /* AppDelegate.swift in Sources */ = {isa = PBXBuildFile; fileRef = 68AE6612260668AC00276DC8 /* AppDelegate.swift */; };
		68AE6615260668AC00276DC8 /* SceneDelegate.swift in Sources */ = {isa = PBXBuildFile; fileRef = 68AE6614260668AC00276DC8 /* SceneDelegate.swift */; };
		68AE6617260668AC00276DC8 /* ViewController.swift in Sources */ = {isa = PBXBuildFile; fileRef = 68AE6616260668AC00276DC8 /* ViewController.swift */; };
		68AE661A260668AC00276DC8 /* Main.storyboard in Resources */ = {isa = PBXBuildFile; fileRef = 68AE6618260668AC00276DC8 /* Main.storyboard */; };
		68AE661C260668AF00276DC8 /* Assets.xcassets in Resources */ = {isa = PBXBuildFile; fileRef = 68AE661B260668AF00276DC8 /* Assets.xcassets */; };
		68AE661F260668AF00276DC8 /* LaunchScreen.storyboard in Resources */ = {isa = PBXBuildFile; fileRef = 68AE661D260668AF00276DC8 /* LaunchScreen.storyboard */; };
		68AE662A260668B000276DC8 /* instaTests.swift in Sources */ = {isa = PBXBuildFile; fileRef = 68AE6629260668B000276DC8 /* instaTests.swift */; };
		68AE6635260668B000276DC8 /* instaUITests.swift in Sources */ = {isa = PBXBuildFile; fileRef = 68AE6634260668B000276DC8 /* instaUITests.swift */; };
/* End PBXBuildFile section */

/* Begin PBXContainerItemProxy section */
		68AE6626260668B000276DC8 /* PBXContainerItemProxy */ = {
			isa = PBXContainerItemProxy;
			containerPortal = 68AE6607260668AC00276DC8 /* Project object */;
			proxyType = 1;
			remoteGlobalIDString = 68AE660E260668AC00276DC8;
			remoteInfo = insta;
		};
		68AE6631260668B000276DC8 /* PBXContainerItemProxy */ = {
			isa = PBXContainerItemProxy;
			containerPortal = 68AE6607260668AC00276DC8 /* Project object */;
			proxyType = 1;
			remoteGlobalIDString = 68AE660E260668AC00276DC8;
			remoteInfo = insta;
		};
/* End PBXContainerItemProxy section */

/* Begin PBXFileReference section */
		68AE660F260668AC00276DC8 /* insta.app */ = {isa = PBXFileReference; explicitFileType = wrapper.application; includeInIndex = 0; path = insta.app; sourceTree = BUILT_PRODUCTS_DIR; };
		68AE6612260668AC00276DC8 /* AppDelegate.swift */ = {isa = PBXFileReference; lastKnownFileType = sourcecode.swift; path = AppDelegate.swift; sourceTree = "<group>"; };
		68AE6614260668AC00276DC8 /* SceneDelegate.swift */ = {isa = PBXFileReference; lastKnownFileType = sourcecode.swift; path = SceneDelegate.swift; sourceTree = "<group>"; };
		68AE6616260668AC00276DC8 /* ViewController.swift */ = {isa = PBXFileReference; lastKnownFileType = sourcecode.swift; path = ViewController.swift; sourceTree = "<group>"; };
		68AE6619260668AC00276DC8 /* Base */ = {isa = PBXFileReference; lastKnownFileType = file.storyboard; name = Base; path = Base.lproj/Main.storyboard; sourceTree = "<group>"; };
		68AE661B260668AF00276DC8 /* Assets.xcassets */ = {isa = PBXFileReference; lastKnownFileType = folder.assetcatalog; path = Assets.xcassets; sourceTree = "<group>"; };
		68AE661E260668AF00276DC8 /* Base */ = {isa = PBXFileReference; lastKnownFileType = file.storyboard; name = Base; path = Base.lproj/LaunchScreen.storyboard; sourceTree = "<group>"; };
		68AE6620260668AF00276DC8 /* Info.plist */ = {isa = PBXFileReference; lastKnownFileType = text.plist.xml; path = Info.plist; sourceTree = "<group>"; };
		68AE6625260668B000276DC8 /* instaTests.xctest */ = {isa = PBXFileReference; explicitFileType = wrapper.cfbundle; includeInIndex = 0; path = instaTests.xctest; sourceTree = BUILT_PRODUCTS_DIR; };
		68AE6629260668B000276DC8 /* instaTests.swift */ = {isa = PBXFileReference; lastKnownFileType = sourcecode.swift; path = instaTests.swift; sourceTree = "<group>"; };
		68AE662B260668B000276DC8 /* Info.plist */ = {isa = PBXFileReference; lastKnownFileType = text.plist.xml; path = Info.plist; sourceTree = "<group>"; };
		68AE6630260668B000276DC8 /* instaUITests.xctest */ = {isa = PBXFileReference; explicitFileType = wrapper.cfbundle; includeInIndex = 0; path = instaUITests.xctest; sourceTree = BUILT_PRODUCTS_DIR; };
		68AE6634260668B000276DC8 /* instaUITests.swift */ = {isa = PBXFileReference; lastKnownFileType = sourcecode.swift; path = instaUITests.swift; sourceTree = "<group>"; };
		68AE6636260668B000276DC8 /* Info.plist */ = {isa = PBXFileReference; lastKnownFileType = text.plist.xml; path = Info.plist; sourceTree = "<group>"; };
/* End PBXFileReference section */

/* Begin PBXFrameworksBuildPhase section */
		68AE660C260668AC00276DC8 /* Frameworks */ = {
			isa = PBXFrameworksBuildPhase;
			buildActionMask = 2147483647;
			files = (
			);
			runOnlyForDeploymentPostprocessing = 0;
		};
		68AE6622260668B000276DC8 /* Frameworks */ = {
			isa = PBXFrameworksBuildPhase;
			buildActionMask = 2147483647;
			files = (
			);
			runOnlyForDeploymentPostprocessing = 0;
		};
		68AE662D260668B000276DC8 /* Frameworks */ = {
			isa = PBXFrameworksBuildPhase;
			buildActionMask = 2147483647;
			files = (
			);
			runOnlyForDeploymentPostprocessing = 0;
		};
/* End PBXFrameworksBuildPhase section */

/* Begin PBXGroup section */
		68AE6606260668AC00276DC8 = {
			isa = PBXGroup;
			children = (
				68AE6611260668AC00276DC8 /* insta */,
				68AE6628260668B000276DC8 /* instaTests */,
				68AE6633260668B000276DC8 /* instaUITests */,
				68AE6610260668AC00276DC8 /* Products */,
			);
			sourceTree = "<group>";
		};
		68AE6610260668AC00276DC8 /* Products */ = {
			isa = PBXGroup;
			children = (
				68AE660F260668AC00276DC8 /* insta.app */,
				68AE6625260668B000276DC8 /* instaTests.xctest */,
				68AE6630260668B000276DC8 /* instaUITests.xctest */,
			);
			name = Products;
			sourceTree = "<group>";
		};
		68AE6611260668AC00276DC8 /* insta */ = {
			isa = PBXGroup;
			children = (
				68AE6612260668AC00276DC8 /* AppDelegate.swift */,
				68AE6614260668AC00276DC8 /* SceneDelegate.swift */,
				68AE6616260668AC00276DC8 /* ViewController.swift */,
				68AE6618260668AC00276DC8 /* Main.storyboard */,
				68AE661B260668AF00276DC8 /* Assets.xcassets */,
				68AE661D260668AF00276DC8 /* LaunchScreen.storyboard */,
				68AE6620260668AF00276DC8 /* Info.plist */,
			);
			path = insta;
			sourceTree = "<group>";
		};
		68AE6628260668B000276DC8 /* instaTests */ = {
			isa = PBXGroup;
			children = (
				68AE6629260668B000276DC8 /* instaTests.swift */,
				68AE662B260668B000276DC8 /* Info.plist */,
			);
			path = instaTests;
			sourceTree = "<group>";
		};
		68AE6633260668B000276DC8 /* instaUITests */ = {
			isa = PBXGroup;
			children = (
				68AE6634260668B000276DC8 /* instaUITests.swift */,
				68AE6636260668B000276DC8 /* Info.plist */,
			);
			path = instaUITests;
			sourceTree = "<group>";
		};
/* End PBXGroup section */

/* Begin PBXNativeTarget section */
		68AE660E260668AC00276DC8 /* insta */ = {
			isa = PBXNativeTarget;
			buildConfigurationList = 68AE6639260668B000276DC8 /* Build configuration list for PBXNativeTarget "insta" */;
			buildPhases = (
				68AE660B260668AC00276DC8 /* Sources */,
				68AE660C260668AC00276DC8 /* Frameworks */,
				68AE660D260668AC00276DC8 /* Resources */,
			);
			buildRules = (
			);
			dependencies = (
			);
			name = insta;
			productName = insta;
			productReference = 68AE660F260668AC00276DC8 /* insta.app */;
			productType = "com.apple.product-type.application";
		};
		68AE6624260668B000276DC8 /* instaTests */ = {
			isa = PBXNativeTarget;
			buildConfigurationList = 68AE663C260668B000276DC8 /* Build configuration list for PBXNativeTarget "instaTests" */;
			buildPhases = (
				68AE6621260668B000276DC8 /* Sources */,
				68AE6622260668B000276DC8 /* Frameworks */,
				68AE6623260668B000276DC8 /* Resources */,
			);
			buildRules = (
			);
			dependencies = (
				68AE6627260668B000276DC8 /* PBXTargetDependency */,
			);
			name = instaTests;
			productName = instaTests;
			productReference = 68AE6625260668B000276DC8 /* instaTests.xctest */;
			productType = "com.apple.product-type.bundle.unit-test";
		};
		68AE662F260668B000276DC8 /* instaUITests */ = {
			isa = PBXNativeTarget;
			buildConfigurationList = 68AE663F260668B000276DC8 /* Build configuration list for PBXNativeTarget "instaUITests" */;
			buildPhases = (
				68AE662C260668B000276DC8 /* Sources */,
				68AE662D260668B000276DC8 /* Frameworks */,
				68AE662E260668B000276DC8 /* Resources */,
			);
			buildRules = (
			);
			dependencies = (
				68AE6632260668B000276DC8 /* PBXTargetDependency */,
			);
			name = instaUITests;
			productName = instaUITests;
			productReference = 68AE6630260668B000276DC8 /* instaUITests.xctest */;
			productType = "com.apple.product-type.bundle.ui-testing";
		};
/* End PBXNativeTarget section */

/* Begin PBXProject section */
		68AE6607260668AC00276DC8 /* Project object */ = {
			isa = PBXProject;
			attributes = {
				LastSwiftUpdateCheck = 1240;
				LastUpgradeCheck = 1240;
				TargetAttributes = {
					68AE660E260668AC00276DC8 = {
						CreatedOnToolsVersion = 12.4;
					};
					68AE6624260668B000276DC8 = {
						CreatedOnToolsVersion = 12.4;
						TestTargetID = 68AE660E260668AC00276DC8;
					};
					68AE662F260668B000276DC8 = {
						CreatedOnToolsVersion = 12.4;
						TestTargetID = 68AE660E260668AC00276DC8;
					};
				};
			};
			buildConfigurationList = 68AE660A260668AC00276DC8 /* Build configuration list for PBXProject "insta" */;
			compatibilityVersion = "Xcode 9.3";
			developmentRegion = en;
			hasScannedForEncodings = 0;
			knownRegions = (
				en,
				Base,
			);
			mainGroup = 68AE6606260668AC00276DC8;
			productRefGroup = 68AE6610260668AC00276DC8 /* Products */;
			projectDirPath = "";
			projectRoot = "";
			targets = (
				68AE660E260668AC00276DC8 /* insta */,
				68AE6624260668B000276DC8 /* instaTests */,
				68AE662F260668B000276DC8 /* instaUITests */,
			);
		};
/* End PBXProject section */

/* Begin PBXResourcesBuildPhase section */
		68AE660D260668AC00276DC8 /* Resources */ = {
			isa = PBXResourcesBuildPhase;
			buildActionMask = 2147483647;
			files = (
				68AE661F260668AF00276DC8 /* LaunchScreen.storyboard in Resources */,
				68AE661C260668AF00276DC8 /* Assets.xcassets in Resources */,
				68AE661A260668AC00276DC8 /* Main.storyboard in Resources */,
			);
			runOnlyForDeploymentPostprocessing = 0;
		};
		68AE6623260668B000276DC8 /* Resources */ = {
			isa = PBXResourcesBuildPhase;
			buildActionMask = 2147483647;
			files = (
			);
			runOnlyForDeploymentPostprocessing = 0;
		};
		68AE662E260668B000276DC8 /* Resources */ = {
			isa = PBXResourcesBuildPhase;
			buildActionMask = 2147483647;
			files = (
			);
			runOnlyForDeploymentPostprocessing = 0;
		};
/* End PBXResourcesBuildPhase section */

/* Begin PBXSourcesBuildPhase section */
		68AE660B260668AC00276DC8 /* Sources */ = {
			isa = PBXSourcesBuildPhase;
			buildActionMask = 2147483647;
			files = (
				68AE6617260668AC00276DC8 /* ViewController.swift in Sources */,
				68AE6613260668AC00276DC8 /* AppDelegate.swift in Sources */,
				68AE6615260668AC00276DC8 /* SceneDelegate.swift in Sources */,
			);
			runOnlyForDeploymentPostprocessing = 0;
		};
		68AE6621260668B000276DC8 /* Sources */ = {
			isa = PBXSourcesBuildPhase;
			buildActionMask = 2147483647;
			files = (
				68AE662A260668B000276DC8 /* instaTests.swift in Sources */,
			);
			runOnlyForDeploymentPostprocessing = 0;
		};
		68AE662C260668B000276DC8 /* Sources */ = {
			isa = PBXSourcesBuildPhase;
			buildActionMask = 2147483647;
			files = (
				68AE6635260668B000276DC8 /* instaUITests.swift in Sources */,
			);
			runOnlyForDeploymentPostprocessing = 0;
		};
/* End PBXSourcesBuildPhase section */

/* Begin PBXTargetDependency section */
		68AE6627260668B000276DC8 /* PBXTargetDependency */ = {
			isa = PBXTargetDependency;
			target = 68AE660E260668AC00276DC8 /* insta */;
			targetProxy = 68AE6626260668B000276DC8 /* PBXContainerItemProxy */;
		};
		68AE6632260668B000276DC8 /* PBXTargetDependency */ = {
			isa = PBXTargetDependency;
			target = 68AE660E260668AC00276DC8 /* insta */;
			targetProxy = 68AE6631260668B000276DC8 /* PBXContainerItemProxy */;
		};
/* End PBXTargetDependency section */

/* Begin PBXVariantGroup section */
		68AE6618260668AC00276DC8 /* Main.storyboard */ = {
			isa = PBXVariantGroup;
			children = (
				68AE6619260668AC00276DC8 /* Base */,
			);
			name = Main.storyboard;
			sourceTree = "<group>";
		};
		68AE661D260668AF00276DC8 /* LaunchScreen.storyboard */ = {
			isa = PBXVariantGroup;
			children = (
				68AE661E260668AF00276DC8 /* Base */,
			);
			name = LaunchScreen.storyboard;
			sourceTree = "<group>";
		};
/* End PBXVariantGroup section */

/* Begin XCBuildConfiguration section */
		68AE6637260668B000276DC8 /* Debug */ = {
			isa = XCBuildConfiguration;
			buildSettings = {
				ALWAYS_SEARCH_USER_PATHS = NO;
				CLANG_ANALYZER_NONNULL = YES;
				CLANG_ANALYZER_NUMBER_OBJECT_CONVERSION = YES_AGGRESSIVE;
				CLANG_CXX_LANGUAGE_STANDARD = "gnu++14";
				CLANG_CXX_LIBRARY = "libc++";
				CLANG_ENABLE_MODULES = YES;
				CLANG_ENABLE_OBJC_ARC = YES;
				CLANG_ENABLE_OBJC_WEAK = YES;
				CLANG_WARN_BLOCK_CAPTURE_AUTORELEASING = YES;
				CLANG_WARN_BOOL_CONVERSION = YES;
				CLANG_WARN_COMMA = YES;
				CLANG_WARN_CONSTANT_CONVERSION = YES;
				CLANG_WARN_DEPRECATED_OBJC_IMPLEMENTATIONS = YES;
				CLANG_WARN_DIRECT_OBJC_ISA_USAGE = YES_ERROR;
				CLANG_WARN_DOCUMENTATION_COMMENTS = YES;
				CLANG_WARN_EMPTY_BODY = YES;
				CLANG_WARN_ENUM_CONVERSION = YES;
				CLANG_WARN_INFINITE_RECURSION = YES;
				CLANG_WARN_INT_CONVERSION = YES;
				CLANG_WARN_NON_LITERAL_NULL_CONVERSION = YES;
				CLANG_WARN_OBJC_IMPLICIT_RETAIN_SELF = YES;
				CLANG_WARN_OBJC_LITERAL_CONVERSION = YES;
				CLANG_WARN_OBJC_ROOT_CLASS = YES_ERROR;
				CLANG_WARN_QUOTED_INCLUDE_IN_FRAMEWORK_HEADER = YES;
				CLANG_WARN_RANGE_LOOP_ANALYSIS = YES;
				CLANG_WARN_STRICT_PROTOTYPES = YES;
				CLANG_WARN_SUSPICIOUS_MOVE = YES;
				CLANG_WARN_UNGUARDED_AVAILABILITY = YES_AGGRESSIVE;
				CLANG_WARN_UNREACHABLE_CODE = YES;
				CLANG_WARN__DUPLICATE_METHOD_MATCH = YES;
				COPY_PHASE_STRIP = NO;
				DEBUG_INFORMATION_FORMAT = dwarf;
				ENABLE_STRICT_OBJC_MSGSEND = YES;
				ENABLE_TESTABILITY = YES;
				GCC_C_LANGUAGE_STANDARD = gnu11;
				GCC_DYNAMIC_NO_PIC = NO;
				GCC_NO_COMMON_BLOCKS = YES;
				GCC_OPTIMIZATION_LEVEL = 0;
				GCC_PREPROCESSOR_DEFINITIONS = (
					"DEBUG=1",
					"$(inherited)",
				);
				GCC_WARN_64_TO_32_BIT_CONVERSION = YES;
				GCC_WARN_ABOUT_RETURN_TYPE = YES_ERROR;
				GCC_WARN_UNDECLARED_SELECTOR = YES;
				GCC_WARN_UNINITIALIZED_AUTOS = YES_AGGRESSIVE;
				GCC_WARN_UNUSED_FUNCTION = YES;
				GCC_WARN_UNUSED_VARIABLE = YES;
				IPHONEOS_DEPLOYMENT_TARGET = 14.4;
				MTL_ENABLE_DEBUG_INFO = INCLUDE_SOURCE;
				MTL_FAST_MATH = YES;
				ONLY_ACTIVE_ARCH = YES;
				SDKROOT = iphoneos;
				SWIFT_ACTIVE_COMPILATION_CONDITIONS = DEBUG;
				SWIFT_OPTIMIZATION_LEVEL = "-Onone";
			};
			name = Debug;
		};
		68AE6638260668B000276DC8 /* Release */ = {
			isa = XCBuildConfiguration;
			buildSettings = {
				ALWAYS_SEARCH_USER_PATHS = NO;
				CLANG_ANALYZER_NONNULL = YES;
				CLANG_ANALYZER_NUMBER_OBJECT_CONVERSION = YES_AGGRESSIVE;
				CLANG_CXX_LANGUAGE_STANDARD = "gnu++14";
				CLANG_CXX_LIBRARY = "libc++";
				CLANG_ENABLE_MODULES = YES;
				CLANG_ENABLE_OBJC_ARC = YES;
				CLANG_ENABLE_OBJC_WEAK = YES;
				CLANG_WARN_BLOCK_CAPTURE_AUTORELEASING = YES;
				CLANG_WARN_BOOL_CONVERSION = YES;
				CLANG_WARN_COMMA = YES;
				CLANG_WARN_CONSTANT_CONVERSION = YES;
				CLANG_WARN_DEPRECATED_OBJC_IMPLEMENTATIONS = YES;
				CLANG_WARN_DIRECT_OBJC_ISA_USAGE = YES_ERROR;
				CLANG_WARN_DOCUMENTATION_COMMENTS = YES;
				CLANG_WARN_EMPTY_BODY = YES;
				CLANG_WARN_ENUM_CONVERSION = YES;
				CLANG_WARN_INFINITE_RECURSION = YES;
				CLANG_WARN_INT_CONVERSION = YES;
				CLANG_WARN_NON_LITERAL_NULL_CONVERSION = YES;
				CLANG_WARN_OBJC_IMPLICIT_RETAIN_SELF = YES;
				CLANG_WARN_OBJC_LITERAL_CONVERSION = YES;
				CLANG_WARN_OBJC_ROOT_CLASS = YES_ERROR;
				CLANG_WARN_QUOTED_INCLUDE_IN_FRAMEWORK_HEADER = YES;
				CLANG_WARN_RANGE_LOOP_ANALYSIS = YES;
				CLANG_WARN_STRICT_PROTOTYPES = YES;
				CLANG_WARN_SUSPICIOUS_MOVE = YES;
				CLANG_WARN_UNGUARDED_AVAILABILITY = YES_AGGRESSIVE;
				CLANG_WARN_UNREACHABLE_CODE = YES;
				CLANG_WARN__DUPLICATE_METHOD_MATCH = YES;
				COPY_PHASE_STRIP = NO;
				DEBUG_INFORMATION_FORMAT = "dwarf-with-dsym";
				ENABLE_NS_ASSERTIONS = NO;
				ENABLE_STRICT_OBJC_MSGSEND = YES;
				GCC_C_LANGUAGE_STANDARD = gnu11;
				GCC_NO_COMMON_BLOCKS = YES;
				GCC_WARN_64_TO_32_BIT_CONVERSION = YES;
				GCC_WARN_ABOUT_RETURN_TYPE = YES_ERROR;
				GCC_WARN_UNDECLARED_SELECTOR = YES;
				GCC_WARN_UNINITIALIZED_AUTOS = YES_AGGRESSIVE;
				GCC_WARN_UNUSED_FUNCTION = YES;
				GCC_WARN_UNUSED_VARIABLE = YES;
				IPHONEOS_DEPLOYMENT_TARGET = 14.4;
				MTL_ENABLE_DEBUG_INFO = NO;
				MTL_FAST_MATH = YES;
				SDKROOT = iphoneos;
				SWIFT_COMPILATION_MODE = wholemodule;
				SWIFT_OPTIMIZATION_LEVEL = "-O";
				VALIDATE_PRODUCT = YES;
			};
			name = Release;
		};
		68AE663A260668B000276DC8 /* Debug */ = {
			isa = XCBuildConfiguration;
			buildSettings = {
				ASSETCATALOG_COMPILER_APPICON_NAME = AppIcon;
				ASSETCATALOG_COMPILER_GLOBAL_ACCENT_COLOR_NAME = AccentColor;
				CODE_SIGN_STYLE = Automatic;
				INFOPLIST_FILE = insta/Info.plist;
				LD_RUNPATH_SEARCH_PATHS = (
					"$(inherited)",
					"@executable_path/Frameworks",
				);
				PRODUCT_BUNDLE_IDENTIFIER = memo.com.insta;
				PRODUCT_NAME = "$(TARGET_NAME)";
				SWIFT_VERSION = 5.0;
				TARGETED_DEVICE_FAMILY = "1,2";
			};
			name = Debug;
		};
		68AE663B260668B000276DC8 /* Release */ = {
			isa = XCBuildConfiguration;
			buildSettings = {
				ASSETCATALOG_COMPILER_APPICON_NAME = AppIcon;
				ASSETCATALOG_COMPILER_GLOBAL_ACCENT_COLOR_NAME = AccentColor;
				CODE_SIGN_STYLE = Automatic;
				INFOPLIST_FILE = insta/Info.plist;
				LD_RUNPATH_SEARCH_PATHS = (
					"$(inherited)",
					"@executable_path/Frameworks",
				);
				PRODUCT_BUNDLE_IDENTIFIER = memo.com.insta;
				PRODUCT_NAME = "$(TARGET_NAME)";
				SWIFT_VERSION = 5.0;
				TARGETED_DEVICE_FAMILY = "1,2";
			};
			name = Release;
		};
		68AE663D260668B000276DC8 /* Debug */ = {
			isa = XCBuildConfiguration;
			buildSettings = {
				ALWAYS_EMBED_SWIFT_STANDARD_LIBRARIES = YES;
				BUNDLE_LOADER = "$(TEST_HOST)";
				CODE_SIGN_STYLE = Automatic;
				INFOPLIST_FILE = instaTests/Info.plist;
				IPHONEOS_DEPLOYMENT_TARGET = 14.4;
				LD_RUNPATH_SEARCH_PATHS = (
					"$(inherited)",
					"@executable_path/Frameworks",
					"@loader_path/Frameworks",
				);
				PRODUCT_BUNDLE_IDENTIFIER = memo.com.instaTests;
				PRODUCT_NAME = "$(TARGET_NAME)";
				SWIFT_VERSION = 5.0;
				TARGETED_DEVICE_FAMILY = "1,2";
				TEST_HOST = "$(BUILT_PRODUCTS_DIR)/insta.app/insta";
			};
			name = Debug;
		};
		68AE663E260668B000276DC8 /* Release */ = {
			isa = XCBuildConfiguration;
			buildSettings = {
				ALWAYS_EMBED_SWIFT_STANDARD_LIBRARIES = YES;
				BUNDLE_LOADER = "$(TEST_HOST)";
				CODE_SIGN_STYLE = Automatic;
				INFOPLIST_FILE = instaTests/Info.plist;
				IPHONEOS_DEPLOYMENT_TARGET = 14.4;
				LD_RUNPATH_SEARCH_PATHS = (
					"$(inherited)",
					"@executable_path/Frameworks",
					"@loader_path/Frameworks",
				);
				PRODUCT_BUNDLE_IDENTIFIER = memo.com.instaTests;
				PRODUCT_NAME = "$(TARGET_NAME)";
				SWIFT_VERSION = 5.0;
				TARGETED_DEVICE_FAMILY = "1,2";
				TEST_HOST = "$(BUILT_PRODUCTS_DIR)/insta.app/insta";
			};
			name = Release;
		};
		68AE6640260668B000276DC8 /* Debug */ = {
			isa = XCBuildConfiguration;
			buildSettings = {
				ALWAYS_EMBED_SWIFT_STANDARD_LIBRARIES = YES;
				CODE_SIGN_STYLE = Automatic;
				INFOPLIST_FILE = instaUITests/Info.plist;
				LD_RUNPATH_SEARCH_PATHS = (
					"$(inherited)",
					"@executable_path/Frameworks",
					"@loader_path/Frameworks",
				);
				PRODUCT_BUNDLE_IDENTIFIER = memo.com.instaUITests;
				PRODUCT_NAME = "$(TARGET_NAME)";
				SWIFT_VERSION = 5.0;
				TARGETED_DEVICE_FAMILY = "1,2";
				TEST_TARGET_NAME = insta;
			};
			name = Debug;
		};
		68AE6641260668B000276DC8 /* Release */ = {
			isa = XCBuildConfiguration;
			buildSettings = {
				ALWAYS_EMBED_SWIFT_STANDARD_LIBRARIES = YES;
				CODE_SIGN_STYLE = Automatic;
				INFOPLIST_FILE = instaUITests/Info.plist;
				LD_RUNPATH_SEARCH_PATHS = (
					"$(inherited)",
					"@executable_path/Frameworks",
					"@loader_path/Frameworks",
				);
				PRODUCT_BUNDLE_IDENTIFIER = memo.com.instaUITests;
				PRODUCT_NAME = "$(TARGET_NAME)";
				SWIFT_VERSION = 5.0;
				TARGETED_DEVICE_FAMILY = "1,2";
				TEST_TARGET_NAME = insta;
			};
			name = Release;
		};
/* End XCBuildConfiguration section */

/* Begin XCConfigurationList section */
		68AE660A260668AC00276DC8 /* Build configuration list for PBXProject "insta" */ = {
			isa = XCConfigurationList;
			buildConfigurations = (
				68AE6637260668B000276DC8 /* Debug */,
				68AE6638260668B000276DC8 /* Release */,
			);
			defaultConfigurationIsVisible = 0;
			defaultConfigurationName = Release;
		};
		68AE6639260668B000276DC8 /* Build configuration list for PBXNativeTarget "insta" */ = {
			isa = XCConfigurationList;
			buildConfigurations = (
				68AE663A260668B000276DC8 /* Debug */,
				68AE663B260668B000276DC8 /* Release */,
			);
			defaultConfigurationIsVisible = 0;
			defaultConfigurationName = Release;
		};
		68AE663C260668B000276DC8 /* Build configuration list for PBXNativeTarget "instaTests" */ = {
			isa = XCConfigurationList;
			buildConfigurations = (
				68AE663D260668B000276DC8 /* Debug */,
				68AE663E260668B000276DC8 /* Release */,
			);
			defaultConfigurationIsVisible = 0;
			defaultConfigurationName = Release;
		};
		68AE663F260668B000276DC8 /* Build configuration list for PBXNativeTarget "instaUITests" */ = {
			isa = XCConfigurationList;
			buildConfigurations = (
				68AE6640260668B000276DC8 /* Debug */,
				68AE6641260668B000276DC8 /* Release */,
			);
			defaultConfigurationIsVisible = 0;
			defaultConfigurationName = Release;
		};
/* End XCConfigurationList section */
	};
	rootObject = 68AE6607260668AC00276DC8 /* Project object */;
}
